
Microsoft Visual Studio Solution File, Format Version 11.00
# Visual C# Express 2010
Project("{FAE04EC0-301F-11D3-BF4B-00C04F79EFBC}") = "CamCapture", "CamCapture\CamCapture.csproj", "{A5960DC1-F6FF-46EF-8301-48611AB7FACF}"
EndProject
Project("{FAE04EC0-301F-11D3-BF4B-00C04F79EFBC}") = "ColorTrack", "ColorTrack\ColorTrack.csproj", "{EB9942EB-3DB3-426E-BCBD-55B6429A216B}"
EndProject
Project("{FAE04EC0-301F-11D3-BF4B-00C04F79EFBC}") = "BlobTracking", "BlobTracking\BlobTracking.csproj", "{8F54389F-0632-473A-BF25-E6003157A00B}"
EndProject
Project("{FAE04EC0-301F-11D3-BF4B-00C04F79EFBC}") = "ShapeTracking", "ShapeTracking\ShapeTracking.csproj", "{EA10465A-7AC4-44C4-B92B-B5240263E597}"
EndProject
Global
	GlobalSection(SolutionConfigurationPlatforms) = preSolution
		Debug|Any CPU = Debug|Any CPU
		Debug|x64 = Debug|x64
		Debug|x86 = Debug|x86
		Release|Any CPU = Release|Any CPU
		Release|x64 = Release|x64
		Release|x86 = Release|x86
	EndGlobalSection
	GlobalSection(ProjectConfigurationPlatforms) = postSolution
		{A5960DC1-F6FF-46EF-8301-48611AB7FACF}.Debug|Any CPU.ActiveCfg = Debug|Any CPU
		{A5960DC1-F6FF-46EF-8301-48611AB7FACF}.Debug|x64.ActiveCfg = Debug|Any CPU
		{A5960DC1-F6FF-46EF-8301-48611AB7FACF}.Debug|x86.ActiveCfg = Debug|x86
		{A5960DC1-F6FF-46EF-8301-48611AB7FACF}.Debug|x86.Build.0 = Debug|x86
		{A5960DC1-F6FF-46EF-8301-48611AB7FACF}.Release|Any CPU.ActiveCfg = Release|Any CPU
		{A5960DC1-F6FF-46EF-8301-48611AB7FACF}.Release|x64.ActiveCfg = Release|x64
		{A5960DC1-F6FF-46EF-8301-48611AB7FACF}.Release|x64.Build.0 = Release|x64
		{A5960DC1-F6FF-46EF-8301-48611AB7FACF}.Release|x86.ActiveCfg = Release|x86
		{A5960DC1-F6FF-46EF-8301-48611AB7FACF}.Release|x86.Build.0 = Release|x86
		{EB9942EB-3DB3-426E-BCBD-55B6429A216B}.Debug|Any CPU.ActiveCfg = Debug|Any CPU
		{EB9942EB-3DB3-426E-BCBD-55B6429A216B}.Debug|x64.ActiveCfg = Debug|x86
		{EB9942EB-3DB3-426E-BCBD-55B6429A216B}.Debug|x86.ActiveCfg = Debug|x86
		{EB9942EB-3DB3-426E-BCBD-55B6429A216B}.Debug|x86.Build.0 = Debug|x86
		{EB9942EB-3DB3-426E-BCBD-55B6429A216B}.Release|Any CPU.ActiveCfg = Release|Any CPU
		{EB9942EB-3DB3-426E-BCBD-55B6429A216B}.Release|x64.ActiveCfg = Release|x86
		{EB9942EB-3DB3-426E-BCBD-55B6429A216B}.Release|x86.ActiveCfg = Release|x86
		{EB9942EB-3DB3-426E-BCBD-55B6429A216B}.Release|x86.Build.0 = Release|x86
		{8F54389F-0632-473A-BF25-E6003157A00B}.Debug|Any CPU.ActiveCfg = Debug|Any CPU
		{8F54389F-0632-473A-BF25-E6003157A00B}.Debug|Any CPU.Build.0 = Debug|Any CPU
		{8F54389F-0632-473A-BF25-E6003157A00B}.Debug|x64.ActiveCfg = Debug|x86
		{8F54389F-0632-473A-BF25-E6003157A00B}.Debug|x64.Build.0 = Debug|x86
		{8F54389F-0632-473A-BF25-E6003157A00B}.Debug|x86.ActiveCfg = Debug|x86
		{8F54389F-0632-473A-BF25-E6003157A00B}.Debug|x86.Build.0 = Debug|x86
		{8F54389F-0632-473A-BF25-E6003157A00B}.Release|Any CPU.ActiveCfg = Release|Any CPU
		{8F54389F-0632-473A-BF25-E6003157A00B}.Release|Any CPU.Build.0 = Release|Any CPU
		{8F54389F-0632-473A-BF25-E6003157A00B}.Release|x64.ActiveCfg = Release|x86
		{8F54389F-0632-473A-BF25-E6003157A00B}.Release|x86.ActiveCfg = Release|x86
		{8F54389F-0632-473A-BF25-E6003157A00B}.Release|x86.Build.0 = Release|x86
		{EA10465A-7AC4-44C4-B92B-B5240263E597}.Debug|Any CPU.ActiveCfg = Debug|Any CPU
		{EA10465A-7AC4-44C4-B92B-B5240263E597}.Debug|x64.ActiveCfg = Debug|x86
		{EA10465A-7AC4-44C4-B92B-B5240263E597}.Debug|x86.ActiveCfg = Debug|x86
		{EA10465A-7AC4-44C4-B92B-B5240263E597}.Debug|x86.Build.0 = Debug|x86
		{EA10465A-7AC4-44C4-B92B-B5240263E597}.Release|Any CPU.ActiveCfg = Release|Any CPU
		{EA10465A-7AC4-44C4-B92B-B5240263E597}.Release|x64.ActiveCfg = Release|x86
		{EA10465A-7AC4-44C4-B92B-B5240263E597}.Release|x86.ActiveCfg = Release|x86
		{EA10465A-7AC4-44C4-B92B-B5240263E597}.Release|x86.Build.0 = Release|x86
	EndGlobalSection
	GlobalSection(SolutionProperties) = preSolution
		HideSolutionNode = FALSE
	EndGlobalSection
EndGlobal
